
Microsoft Visual Studio Solution File, Format Version 12.00
# Visual Studio Version 17
VisualStudioVersion = 17.11.35208.52
MinimumVisualStudioVersion = 10.0.40219.1
Project("{FAE04EC0-301F-11D3-BF4B-00C04F79EFBC}") = "Opgave 8 layout", "Opgave 8 layout\Opgave 8 layout.csproj", "{D30FCBA1-7BF3-4B65-B564-909F42CA37CA}"
EndProject
Global
	GlobalSection(SolutionConfigurationPlatforms) = preSolution
		Debug|Any CPU = Debug|Any CPU
		Release|Any CPU = Release|Any CPU
	EndGlobalSection
	GlobalSection(ProjectConfigurationPlatforms) = postSolution
		{D30FCBA1-7BF3-4B65-B564-909F42CA37CA}.Debug|Any CPU.ActiveCfg = Debug|Any CPU
		{D30FCBA1-7BF3-4B65-B564-909F42CA37CA}.Debug|Any CPU.Build.0 = Debug|Any CPU
		{D30FCBA1-7BF3-4B65-B564-909F42CA37CA}.Release|Any CPU.ActiveCfg = Release|Any CPU
		{D30FCBA1-7BF3-4B65-B564-909F42CA37CA}.Release|Any CPU.Build.0 = Release|Any CPU
	EndGlobalSection
	GlobalSection(SolutionProperties) = preSolution
		HideSolutionNode = FALSE
	EndGlobalSection
	GlobalSection(ExtensibilityGlobals) = postSolution
		SolutionGuid = {5DB6875D-1C71-48B9-B1A6-58ED3F308120}
	EndGlobalSection
EndGlobal
